// !$*UTF8*$!
{
	archiveVersion = 1;
	classes = {
	};
	objectVersion = 50;
	objects = {

/* Begin PBXBuildFile section */
		84BBA74221ED9C94002FE08B /* AppDelegate.swift in Sources */ = {isa = PBXBuildFile; fileRef = 84BBA74121ED9C94002FE08B /* AppDelegate.swift */; };
		84BBA74421ED9C94002FE08B /* ViewController.swift in Sources */ = {isa = PBXBuildFile; fileRef = 84BBA74321ED9C94002FE08B /* ViewController.swift */; };
		84BBA74721ED9C94002FE08B /* Main.storyboard in Resources */ = {isa = PBXBuildFile; fileRef = 84BBA74521ED9C94002FE08B /* Main.storyboard */; };
		84BBA74921ED9C9C002FE08B /* Assets.xcassets in Resources */ = {isa = PBXBuildFile; fileRef = 84BBA74821ED9C9C002FE08B /* Assets.xcassets */; };
		84BBA74C21ED9C9C002FE08B /* LaunchScreen.storyboard in Resources */ = {isa = PBXBuildFile; fileRef = 84BBA74A21ED9C9C002FE08B /* LaunchScreen.storyboard */; };
		84BBA75721ED9C9C002FE08B /* TodolistTests.swift in Sources */ = {isa = PBXBuildFile; fileRef = 84BBA75621ED9C9C002FE08B /* TodolistTests.swift */; };
		84BBA76221ED9C9C002FE08B /* TodolistUITests.swift in Sources */ = {isa = PBXBuildFile; fileRef = 84BBA76121ED9C9C002FE08B /* TodolistUITests.swift */; };
/* End PBXBuildFile section */

/* Begin PBXContainerItemProxy section */
		84BBA75321ED9C9C002FE08B /* PBXContainerItemProxy */ = {
			isa = PBXContainerItemProxy;
			containerPortal = 84BBA73621ED9C94002FE08B /* Project object */;
			proxyType = 1;
			remoteGlobalIDString = 84BBA73D21ED9C94002FE08B;
			remoteInfo = Todolist;
		};
		84BBA75E21ED9C9C002FE08B /* PBXContainerItemProxy */ = {
			isa = PBXContainerItemProxy;
			containerPortal = 84BBA73621ED9C94002FE08B /* Project object */;
			proxyType = 1;
			remoteGlobalIDString = 84BBA73D21ED9C94002FE08B;
			remoteInfo = Todolist;
		};
/* End PBXContainerItemProxy section */

/* Begin PBXFileReference section */
		84BBA73E21ED9C94002FE08B /* Todolist.app */ = {isa = PBXFileReference; explicitFileType = wrapper.application; includeInIndex = 0; path = Todolist.app; sourceTree = BUILT_PRODUCTS_DIR; };
		84BBA74121ED9C94002FE08B /* AppDelegate.swift */ = {isa = PBXFileReference; lastKnownFileType = sourcecode.swift; path = AppDelegate.swift; sourceTree = "<group>"; };
		84BBA74321ED9C94002FE08B /* ViewController.swift */ = {isa = PBXFileReference; lastKnownFileType = sourcecode.swift; path = ViewController.swift; sourceTree = "<group>"; };
		84BBA74621ED9C94002FE08B /* Base */ = {isa = PBXFileReference; lastKnownFileType = file.storyboard; name = Base; path = Base.lproj/Main.storyboard; sourceTree = "<group>"; };
		84BBA74821ED9C9C002FE08B /* Assets.xcassets */ = {isa = PBXFileReference; lastKnownFileType = folder.assetcatalog; path = Assets.xcassets; sourceTree = "<group>"; };
		84BBA74B21ED9C9C002FE08B /* Base */ = {isa = PBXFileReference; lastKnownFileType = file.storyboard; name = Base; path = Base.lproj/LaunchScreen.storyboard; sourceTree = "<group>"; };
		84BBA74D21ED9C9C002FE08B /* Info.plist */ = {isa = PBXFileReference; lastKnownFileType = text.plist.xml; path = Info.plist; sourceTree = "<group>"; };
		84BBA75221ED9C9C002FE08B /* TodolistTests.xctest */ = {isa = PBXFileReference; explicitFileType = wrapper.cfbundle; includeInIndex = 0; path = TodolistTests.xctest; sourceTree = BUILT_PRODUCTS_DIR; };
		84BBA75621ED9C9C002FE08B /* TodolistTests.swift */ = {isa = PBXFileReference; lastKnownFileType = sourcecode.swift; path = TodolistTests.swift; sourceTree = "<group>"; };
		84BBA75821ED9C9C002FE08B /* Info.plist */ = {isa = PBXFileReference; lastKnownFileType = text.plist.xml; path = Info.plist; sourceTree = "<group>"; };
		84BBA75D21ED9C9C002FE08B /* TodolistUITests.xctest */ = {isa = PBXFileReference; explicitFileType = wrapper.cfbundle; includeInIndex = 0; path = TodolistUITests.xctest; sourceTree = BUILT_PRODUCTS_DIR; };
		84BBA76121ED9C9C002FE08B /* TodolistUITests.swift */ = {isa = PBXFileReference; lastKnownFileType = sourcecode.swift; path = TodolistUITests.swift; sourceTree = "<group>"; };
		84BBA76321ED9C9C002FE08B /* Info.plist */ = {isa = PBXFileReference; lastKnownFileType = text.plist.xml; path = Info.plist; sourceTree = "<group>"; };
/* End PBXFileReference section */

/* Begin PBXFrameworksBuildPhase section */
		84BBA73B21ED9C94002FE08B /* Frameworks */ = {
			isa = PBXFrameworksBuildPhase;
			buildActionMask = 2147483647;
			files = (
			);
			runOnlyForDeploymentPostprocessing = 0;
		};
		84BBA74F21ED9C9C002FE08B /* Frameworks */ = {
			isa = PBXFrameworksBuildPhase;
			buildActionMask = 2147483647;
			files = (
			);
			runOnlyForDeploymentPostprocessing = 0;
		};
		84BBA75A21ED9C9C002FE08B /* Frameworks */ = {
			isa = PBXFrameworksBuildPhase;
			buildActionMask = 2147483647;
			files = (
			);
			runOnlyForDeploymentPostprocessing = 0;
		};
/* End PBXFrameworksBuildPhase section */

/* Begin PBXGroup section */
		84BBA73521ED9C94002FE08B = {
			isa = PBXGroup;
			children = (
				84BBA74021ED9C94002FE08B /* Todolist */,
				84BBA75521ED9C9C002FE08B /* TodolistTests */,
				84BBA76021ED9C9C002FE08B /* TodolistUITests */,
				84BBA73F21ED9C94002FE08B /* Products */,
			);
			sourceTree = "<group>";
		};
		84BBA73F21ED9C94002FE08B /* Products */ = {
			isa = PBXGroup;
			children = (
				84BBA73E21ED9C94002FE08B /* Todolist.app */,
				84BBA75221ED9C9C002FE08B /* TodolistTests.xctest */,
				84BBA75D21ED9C9C002FE08B /* TodolistUITests.xctest */,
			);
			name = Products;
			sourceTree = "<group>";
		};
		84BBA74021ED9C94002FE08B /* Todolist */ = {
			isa = PBXGroup;
			children = (
				84BBA74121ED9C94002FE08B /* AppDelegate.swift */,
				84BBA74321ED9C94002FE08B /* ViewController.swift */,
				84BBA74521ED9C94002FE08B /* Main.storyboard */,
				84BBA74821ED9C9C002FE08B /* Assets.xcassets */,
				84BBA74A21ED9C9C002FE08B /* LaunchScreen.storyboard */,
				84BBA74D21ED9C9C002FE08B /* Info.plist */,
			);
			path = Todolist;
			sourceTree = "<group>";
		};
		84BBA75521ED9C9C002FE08B /* TodolistTests */ = {
			isa = PBXGroup;
			children = (
				84BBA75621ED9C9C002FE08B /* TodolistTests.swift */,
				84BBA75821ED9C9C002FE08B /* Info.plist */,
			);
			path = TodolistTests;
			sourceTree = "<group>";
		};
		84BBA76021ED9C9C002FE08B /* TodolistUITests */ = {
			isa = PBXGroup;
			children = (
				84BBA76121ED9C9C002FE08B /* TodolistUITests.swift */,
				84BBA76321ED9C9C002FE08B /* Info.plist */,
			);
			path = TodolistUITests;
			sourceTree = "<group>";
		};
/* End PBXGroup section */

/* Begin PBXNativeTarget section */
		84BBA73D21ED9C94002FE08B /* Todolist */ = {
			isa = PBXNativeTarget;
			buildConfigurationList = 84BBA76621ED9C9C002FE08B /* Build configuration list for PBXNativeTarget "Todolist" */;
			buildPhases = (
				84BBA73A21ED9C94002FE08B /* Sources */,
				84BBA73B21ED9C94002FE08B /* Frameworks */,
				84BBA73C21ED9C94002FE08B /* Resources */,
			);
			buildRules = (
			);
			dependencies = (
			);
			name = Todolist;
			productName = Todolist;
			productReference = 84BBA73E21ED9C94002FE08B /* Todolist.app */;
			productType = "com.apple.product-type.application";
		};
		84BBA75121ED9C9C002FE08B /* TodolistTests */ = {
			isa = PBXNativeTarget;
			buildConfigurationList = 84BBA76921ED9C9C002FE08B /* Build configuration list for PBXNativeTarget "TodolistTests" */;
			buildPhases = (
				84BBA74E21ED9C9C002FE08B /* Sources */,
				84BBA74F21ED9C9C002FE08B /* Frameworks */,
				84BBA75021ED9C9C002FE08B /* Resources */,
			);
			buildRules = (
			);
			dependencies = (
				84BBA75421ED9C9C002FE08B /* PBXTargetDependency */,
			);
			name = TodolistTests;
			productName = TodolistTests;
			productReference = 84BBA75221ED9C9C002FE08B /* TodolistTests.xctest */;
			productType = "com.apple.product-type.bundle.unit-test";
		};
		84BBA75C21ED9C9C002FE08B /* TodolistUITests */ = {
			isa = PBXNativeTarget;
			buildConfigurationList = 84BBA76C21ED9C9C002FE08B /* Build configuration list for PBXNativeTarget "TodolistUITests" */;
			buildPhases = (
				84BBA75921ED9C9C002FE08B /* Sources */,
				84BBA75A21ED9C9C002FE08B /* Frameworks */,
				84BBA75B21ED9C9C002FE08B /* Resources */,
			);
			buildRules = (
			);
			dependencies = (
				84BBA75F21ED9C9C002FE08B /* PBXTargetDependency */,
			);
			name = TodolistUITests;
			productName = TodolistUITests;
			productReference = 84BBA75D21ED9C9C002FE08B /* TodolistUITests.xctest */;
			productType = "com.apple.product-type.bundle.ui-testing";
		};
/* End PBXNativeTarget section */

/* Begin PBXProject section */
		84BBA73621ED9C94002FE08B /* Project object */ = {
			isa = PBXProject;
			attributes = {
				LastSwiftUpdateCheck = 1010;
				LastUpgradeCheck = 1010;
				ORGANIZATIONNAME = KMUTNB;
				TargetAttributes = {
					84BBA73D21ED9C94002FE08B = {
						CreatedOnToolsVersion = 10.1;
					};
					84BBA75121ED9C9C002FE08B = {
						CreatedOnToolsVersion = 10.1;
						TestTargetID = 84BBA73D21ED9C94002FE08B;
					};
					84BBA75C21ED9C9C002FE08B = {
						CreatedOnToolsVersion = 10.1;
						TestTargetID = 84BBA73D21ED9C94002FE08B;
					};
				};
			};
			buildConfigurationList = 84BBA73921ED9C94002FE08B /* Build configuration list for PBXProject "Todolist" */;
			compatibilityVersion = "Xcode 9.3";
			developmentRegion = en;
			hasScannedForEncodings = 0;
			knownRegions = (
				en,
				Base,
			);
			mainGroup = 84BBA73521ED9C94002FE08B;
			productRefGroup = 84BBA73F21ED9C94002FE08B /* Products */;
			projectDirPath = "";
			projectRoot = "";
			targets = (
				84BBA73D21ED9C94002FE08B /* Todolist */,
				84BBA75121ED9C9C002FE08B /* TodolistTests */,
				84BBA75C21ED9C9C002FE08B /* TodolistUITests */,
			);
		};
/* End PBXProject section */

/* Begin PBXResourcesBuildPhase section */
		84BBA73C21ED9C94002FE08B /* Resources */ = {
			isa = PBXResourcesBuildPhase;
			buildActionMask = 2147483647;
			files = (
				84BBA74C21ED9C9C002FE08B /* LaunchScreen.storyboard in Resources */,
				84BBA74921ED9C9C002FE08B /* Assets.xcassets in Resources */,
				84BBA74721ED9C94002FE08B /* Main.storyboard in Resources */,
			);
			runOnlyForDeploymentPostprocessing = 0;
		};
		84BBA75021ED9C9C002FE08B /* Resources */ = {
			isa = PBXResourcesBuildPhase;
			buildActionMask = 2147483647;
			files = (
			);
			runOnlyForDeploymentPostprocessing = 0;
		};
		84BBA75B21ED9C9C002FE08B /* Resources */ = {
			isa = PBXResourcesBuildPhase;
			buildActionMask = 2147483647;
			files = (
			);
			runOnlyForDeploymentPostprocessing = 0;
		};
/* End PBXResourcesBuildPhase section */

/* Begin PBXSourcesBuildPhase section */
		84BBA73A21ED9C94002FE08B /* Sources */ = {
			isa = PBXSourcesBuildPhase;
			buildActionMask = 2147483647;
			files = (
				84BBA74421ED9C94002FE08B /* ViewController.swift in Sources */,
				84BBA74221ED9C94002FE08B /* AppDelegate.swift in Sources */,
			);
			runOnlyForDeploymentPostprocessing = 0;
		};
		84BBA74E21ED9C9C002FE08B /* Sources */ = {
			isa = PBXSourcesBuildPhase;
			buildActionMask = 2147483647;
			files = (
				84BBA75721ED9C9C002FE08B /* TodolistTests.swift in Sources */,
			);
			runOnlyForDeploymentPostprocessing = 0;
		};
		84BBA75921ED9C9C002FE08B /* Sources */ = {
			isa = PBXSourcesBuildPhase;
			buildActionMask = 2147483647;
			files = (
				84BBA76221ED9C9C002FE08B /* TodolistUITests.swift in Sources */,
			);
			runOnlyForDeploymentPostprocessing = 0;
		};
/* End PBXSourcesBuildPhase section */

/* Begin PBXTargetDependency section */
		84BBA75421ED9C9C002FE08B /* PBXTargetDependency */ = {
			isa = PBXTargetDependency;
			target = 84BBA73D21ED9C94002FE08B /* Todolist */;
			targetProxy = 84BBA75321ED9C9C002FE08B /* PBXContainerItemProxy */;
		};
		84BBA75F21ED9C9C002FE08B /* PBXTargetDependency */ = {
			isa = PBXTargetDependency;
			target = 84BBA73D21ED9C94002FE08B /* Todolist */;
			targetProxy = 84BBA75E21ED9C9C002FE08B /* PBXContainerItemProxy */;
		};
/* End PBXTargetDependency section */

/* Begin PBXVariantGroup section */
		84BBA74521ED9C94002FE08B /* Main.storyboard */ = {
			isa = PBXVariantGroup;
			children = (
				84BBA74621ED9C94002FE08B /* Base */,
			);
			name = Main.storyboard;
			sourceTree = "<group>";
		};
		84BBA74A21ED9C9C002FE08B /* LaunchScreen.storyboard */ = {
			isa = PBXVariantGroup;
			children = (
				84BBA74B21ED9C9C002FE08B /* Base */,
			);
			name = LaunchScreen.storyboard;
			sourceTree = "<group>";
		};
/* End PBXVariantGroup section */

/* Begin XCBuildConfiguration section */
		84BBA76421ED9C9C002FE08B /* Debug */ = {
			isa = XCBuildConfiguration;
			buildSettings = {
				ALWAYS_SEARCH_USER_PATHS = NO;
				CLANG_ANALYZER_NONNULL = YES;
				CLANG_ANALYZER_NUMBER_OBJECT_CONVERSION = YES_AGGRESSIVE;
				CLANG_CXX_LANGUAGE_STANDARD = "gnu++14";
				CLANG_CXX_LIBRARY = "libc++";
				CLANG_ENABLE_MODULES = YES;
				CLANG_ENABLE_OBJC_ARC = YES;
				CLANG_ENABLE_OBJC_WEAK = YES;
				CLANG_WARN_BLOCK_CAPTURE_AUTORELEASING = YES;
				CLANG_WARN_BOOL_CONVERSION = YES;
				CLANG_WARN_COMMA = YES;
				CLANG_WARN_CONSTANT_CONVERSION = YES;
				CLANG_WARN_DEPRECATED_OBJC_IMPLEMENTATIONS = YES;
				CLANG_WARN_DIRECT_OBJC_ISA_USAGE = YES_ERROR;
				CLANG_WARN_DOCUMENTATION_COMMENTS = YES;
				CLANG_WARN_EMPTY_BODY = YES;
				CLANG_WARN_ENUM_CONVERSION = YES;
				CLANG_WARN_INFINITE_RECURSION = YES;
				CLANG_WARN_INT_CONVERSION = YES;
				CLANG_WARN_NON_LITERAL_NULL_CONVERSION = YES;
				CLANG_WARN_OBJC_IMPLICIT_RETAIN_SELF = YES;
				CLANG_WARN_OBJC_LITERAL_CONVERSION = YES;
				CLANG_WARN_OBJC_ROOT_CLASS = YES_ERROR;
				CLANG_WARN_RANGE_LOOP_ANALYSIS = YES;
				CLANG_WARN_STRICT_PROTOTYPES = YES;
				CLANG_WARN_SUSPICIOUS_MOVE = YES;
				CLANG_WARN_UNGUARDED_AVAILABILITY = YES_AGGRESSIVE;
				CLANG_WARN_UNREACHABLE_CODE = YES;
				CLANG_WARN__DUPLICATE_METHOD_MATCH = YES;
				CODE_SIGN_IDENTITY = "iPhone Developer";
				COPY_PHASE_STRIP = NO;
				DEBUG_INFORMATION_FORMAT = dwarf;
				ENABLE_STRICT_OBJC_MSGSEND = YES;
				ENABLE_TESTABILITY = YES;
				GCC_C_LANGUAGE_STANDARD = gnu11;
				GCC_DYNAMIC_NO_PIC = NO;
				GCC_NO_COMMON_BLOCKS = YES;
				GCC_OPTIMIZATION_LEVEL = 0;
				GCC_PREPROCESSOR_DEFINITIONS = (
					"DEBUG=1",
					"$(inherited)",
				);
				GCC_WARN_64_TO_32_BIT_CONVERSION = YES;
				GCC_WARN_ABOUT_RETURN_TYPE = YES_ERROR;
				GCC_WARN_UNDECLARED_SELECTOR = YES;
				GCC_WARN_UNINITIALIZED_AUTOS = YES_AGGRESSIVE;
				GCC_WARN_UNUSED_FUNCTION = YES;
				GCC_WARN_UNUSED_VARIABLE = YES;
				IPHONEOS_DEPLOYMENT_TARGET = 12.1;
				MTL_ENABLE_DEBUG_INFO = INCLUDE_SOURCE;
				MTL_FAST_MATH = YES;
				ONLY_ACTIVE_ARCH = YES;
				SDKROOT = iphoneos;
				SWIFT_ACTIVE_COMPILATION_CONDITIONS = DEBUG;
				SWIFT_OPTIMIZATION_LEVEL = "-Onone";
			};
			name = Debug;
		};
		84BBA76521ED9C9C002FE08B /* Release */ = {
			isa = XCBuildConfiguration;
			buildSettings = {
				ALWAYS_SEARCH_USER_PATHS = NO;
				CLANG_ANALYZER_NONNULL = YES;
				CLANG_ANALYZER_NUMBER_OBJECT_CONVERSION = YES_AGGRESSIVE;
				CLANG_CXX_LANGUAGE_STANDARD = "gnu++14";
				CLANG_CXX_LIBRARY = "libc++";
				CLANG_ENABLE_MODULES = YES;
				CLANG_ENABLE_OBJC_ARC = YES;
				CLANG_ENABLE_OBJC_WEAK = YES;
				CLANG_WARN_BLOCK_CAPTURE_AUTORELEASING = YES;
				CLANG_WARN_BOOL_CONVERSION = YES;
				CLANG_WARN_COMMA = YES;
				CLANG_WARN_CONSTANT_CONVERSION = YES;
				CLANG_WARN_DEPRECATED_OBJC_IMPLEMENTATIONS = YES;
				CLANG_WARN_DIRECT_OBJC_ISA_USAGE = YES_ERROR;
				CLANG_WARN_DOCUMENTATION_COMMENTS = YES;
				CLANG_WARN_EMPTY_BODY = YES;
				CLANG_WARN_ENUM_CONVERSION = YES;
				CLANG_WARN_INFINITE_RECURSION = YES;
				CLANG_WARN_INT_CONVERSION = YES;
				CLANG_WARN_NON_LITERAL_NULL_CONVERSION = YES;
				CLANG_WARN_OBJC_IMPLICIT_RETAIN_SELF = YES;
				CLANG_WARN_OBJC_LITERAL_CONVERSION = YES;
				CLANG_WARN_OBJC_ROOT_CLASS = YES_ERROR;
				CLANG_WARN_RANGE_LOOP_ANALYSIS = YES;
				CLANG_WARN_STRICT_PROTOTYPES = YES;
				CLANG_WARN_SUSPICIOUS_MOVE = YES;
				CLANG_WARN_UNGUARDED_AVAILABILITY = YES_AGGRESSIVE;
				CLANG_WARN_UNREACHABLE_CODE = YES;
				CLANG_WARN__DUPLICATE_METHOD_MATCH = YES;
				CODE_SIGN_IDENTITY = "iPhone Developer";
				COPY_PHASE_STRIP = NO;
				DEBUG_INFORMATION_FORMAT = "dwarf-with-dsym";
				ENABLE_NS_ASSERTIONS = NO;
				ENABLE_STRICT_OBJC_MSGSEND = YES;
				GCC_C_LANGUAGE_STANDARD = gnu11;
				GCC_NO_COMMON_BLOCKS = YES;
				GCC_WARN_64_TO_32_BIT_CONVERSION = YES;
				GCC_WARN_ABOUT_RETURN_TYPE = YES_ERROR;
				GCC_WARN_UNDECLARED_SELECTOR = YES;
				GCC_WARN_UNINITIALIZED_AUTOS = YES_AGGRESSIVE;
				GCC_WARN_UNUSED_FUNCTION = YES;
				GCC_WARN_UNUSED_VARIABLE = YES;
				IPHONEOS_DEPLOYMENT_TARGET = 12.1;
				MTL_ENABLE_DEBUG_INFO = NO;
				MTL_FAST_MATH = YES;
				SDKROOT = iphoneos;
				SWIFT_COMPILATION_MODE = wholemodule;
				SWIFT_OPTIMIZATION_LEVEL = "-O";
				VALIDATE_PRODUCT = YES;
			};
			name = Release;
		};
		84BBA76721ED9C9C002FE08B /* Debug */ = {
			isa = XCBuildConfiguration;
			buildSettings = {
				ASSETCATALOG_COMPILER_APPICON_NAME = AppIcon;
				CODE_SIGN_STYLE = Automatic;
				INFOPLIST_FILE = Todolist/Info.plist;
				LD_RUNPATH_SEARCH_PATHS = (
					"$(inherited)",
					"@executable_path/Frameworks",
				);
				PRODUCT_BUNDLE_IDENTIFIER = top.Todolist;
				PRODUCT_NAME = "$(TARGET_NAME)";
				SWIFT_VERSION = 4.2;
				TARGETED_DEVICE_FAMILY = "1,2";
			};
			name = Debug;
		};
		84BBA76821ED9C9C002FE08B /* Release */ = {
			isa = XCBuildConfiguration;
			buildSettings = {
				ASSETCATALOG_COMPILER_APPICON_NAME = AppIcon;
				CODE_SIGN_STYLE = Automatic;
				INFOPLIST_FILE = Todolist/Info.plist;
				LD_RUNPATH_SEARCH_PATHS = (
					"$(inherited)",
					"@executable_path/Frameworks",
				);
				PRODUCT_BUNDLE_IDENTIFIER = top.Todolist;
				PRODUCT_NAME = "$(TARGET_NAME)";
				SWIFT_VERSION = 4.2;
				TARGETED_DEVICE_FAMILY = "1,2";
			};
			name = Release;
		};
		84BBA76A21ED9C9C002FE08B /* Debug */ = {
			isa = XCBuildConfiguration;
			buildSettings = {
				ALWAYS_EMBED_SWIFT_STANDARD_LIBRARIES = YES;
				BUNDLE_LOADER = "$(TEST_HOST)";
				CODE_SIGN_STYLE = Automatic;
				INFOPLIST_FILE = TodolistTests/Info.plist;
				LD_RUNPATH_SEARCH_PATHS = (
					"$(inherited)",
					"@executable_path/Frameworks",
					"@loader_path/Frameworks",
				);
				PRODUCT_BUNDLE_IDENTIFIER = top.TodolistTests;
				PRODUCT_NAME = "$(TARGET_NAME)";
				SWIFT_VERSION = 4.2;
				TARGETED_DEVICE_FAMILY = "1,2";
				TEST_HOST = "$(BUILT_PRODUCTS_DIR)/Todolist.app/Todolist";
			};
			name = Debug;
		};
		84BBA76B21ED9C9C002FE08B /* Release */ = {
			isa = XCBuildConfiguration;
			buildSettings = {
				ALWAYS_EMBED_SWIFT_STANDARD_LIBRARIES = YES;
				BUNDLE_LOADER = "$(TEST_HOST)";
				CODE_SIGN_STYLE = Automatic;
				INFOPLIST_FILE = TodolistTests/Info.plist;
				LD_RUNPATH_SEARCH_PATHS = (
					"$(inherited)",
					"@executable_path/Frameworks",
					"@loader_path/Frameworks",
				);
				PRODUCT_BUNDLE_IDENTIFIER = top.TodolistTests;
				PRODUCT_NAME = "$(TARGET_NAME)";
				SWIFT_VERSION = 4.2;
				TARGETED_DEVICE_FAMILY = "1,2";
				TEST_HOST = "$(BUILT_PRODUCTS_DIR)/Todolist.app/Todolist";
			};
			name = Release;
		};
		84BBA76D21ED9C9C002FE08B /* Debug */ = {
			isa = XCBuildConfiguration;
			buildSettings = {
				ALWAYS_EMBED_SWIFT_STANDARD_LIBRARIES = YES;
				CODE_SIGN_STYLE = Automatic;
				INFOPLIST_FILE = TodolistUITests/Info.plist;
				LD_RUNPATH_SEARCH_PATHS = (
					"$(inherited)",
					"@executable_path/Frameworks",
					"@loader_path/Frameworks",
				);
				PRODUCT_BUNDLE_IDENTIFIER = top.TodolistUITests;
				PRODUCT_NAME = "$(TARGET_NAME)";
				SWIFT_VERSION = 4.2;
				TARGETED_DEVICE_FAMILY = "1,2";
				TEST_TARGET_NAME = Todolist;
			};
			name = Debug;
		};
		84BBA76E21ED9C9C002FE08B /* Release */ = {
			isa = XCBuildConfiguration;
			buildSettings = {
				ALWAYS_EMBED_SWIFT_STANDARD_LIBRARIES = YES;
				CODE_SIGN_STYLE = Automatic;
				INFOPLIST_FILE = TodolistUITests/Info.plist;
				LD_RUNPATH_SEARCH_PATHS = (
					"$(inherited)",
					"@executable_path/Frameworks",
					"@loader_path/Frameworks",
				);
				PRODUCT_BUNDLE_IDENTIFIER = top.TodolistUITests;
				PRODUCT_NAME = "$(TARGET_NAME)";
				SWIFT_VERSION = 4.2;
				TARGETED_DEVICE_FAMILY = "1,2";
				TEST_TARGET_NAME = Todolist;
			};
			name = Release;
		};
/* End XCBuildConfiguration section */

/* Begin XCConfigurationList section */
		84BBA73921ED9C94002FE08B /* Build configuration list for PBXProject "Todolist" */ = {
			isa = XCConfigurationList;
			buildConfigurations = (
				84BBA76421ED9C9C002FE08B /* Debug */,
				84BBA76521ED9C9C002FE08B /* Release */,
			);
			defaultConfigurationIsVisible = 0;
			defaultConfigurationName = Release;
		};
		84BBA76621ED9C9C002FE08B /* Build configuration list for PBXNativeTarget "Todolist" */ = {
			isa = XCConfigurationList;
			buildConfigurations = (
				84BBA76721ED9C9C002FE08B /* Debug */,
				84BBA76821ED9C9C002FE08B /* Release */,
			);
			defaultConfigurationIsVisible = 0;
			defaultConfigurationName = Release;
		};
		84BBA76921ED9C9C002FE08B /* Build configuration list for PBXNativeTarget "TodolistTests" */ = {
			isa = XCConfigurationList;
			buildConfigurations = (
				84BBA76A21ED9C9C002FE08B /* Debug */,
				84BBA76B21ED9C9C002FE08B /* Release */,
			);
			defaultConfigurationIsVisible = 0;
			defaultConfigurationName = Release;
		};
		84BBA76C21ED9C9C002FE08B /* Build configuration list for PBXNativeTarget "TodolistUITests" */ = {
			isa = XCConfigurationList;
			buildConfigurations = (
				84BBA76D21ED9C9C002FE08B /* Debug */,
				84BBA76E21ED9C9C002FE08B /* Release */,
			);
			defaultConfigurationIsVisible = 0;
			defaultConfigurationName = Release;
		};
/* End XCConfigurationList section */
	};
	rootObject = 84BBA73621ED9C94002FE08B /* Project object */;
}
